
Microsoft Visual Studio Solution File, Format Version 12.00
# Visual Studio Version 17
VisualStudioVersion = 17.8.34511.84
MinimumVisualStudioVersion = 10.0.40219.1
Project("{9A19103F-16F7-4668-BE54-9A1E7A4F7556}") = "Znak", "Znak\Znak.csproj", "{EA746A36-CBF2-44DC-9615-0B58BD026130}"
EndProject
Project("{FAE04EC0-301F-11D3-BF4B-00C04F79EFBC}") = "Znak.Model", "Znak.Model\Znak.Model.csproj", "{71E70257-89A0-4237-AF38-FF8B9F9BB459}"
EndProject
Global
	GlobalSection(SolutionConfigurationPlatforms) = preSolution
		Debug|Any CPU = Debug|Any CPU
		Release|Any CPU = Release|Any CPU
	EndGlobalSection
	GlobalSection(ProjectConfigurationPlatforms) = postSolution
		{EA746A36-CBF2-44DC-9615-0B58BD026130}.Debug|Any CPU.ActiveCfg = Debug|Any CPU
		{EA746A36-CBF2-44DC-9615-0B58BD026130}.Debug|Any CPU.Build.0 = Debug|Any CPU
		{EA746A36-CBF2-44DC-9615-0B58BD026130}.Release|Any CPU.ActiveCfg = Release|Any CPU
		{EA746A36-CBF2-44DC-9615-0B58BD026130}.Release|Any CPU.Build.0 = Release|Any CPU
		{71E70257-89A0-4237-AF38-FF8B9F9BB459}.Debug|Any CPU.ActiveCfg = Debug|Any CPU
		{71E70257-89A0-4237-AF38-FF8B9F9BB459}.Debug|Any CPU.Build.0 = Debug|Any CPU
		{71E70257-89A0-4237-AF38-FF8B9F9BB459}.Release|Any CPU.ActiveCfg = Release|Any CPU
		{71E70257-89A0-4237-AF38-FF8B9F9BB459}.Release|Any CPU.Build.0 = Release|Any CPU
	EndGlobalSection
	GlobalSection(SolutionProperties) = preSolution
		HideSolutionNode = FALSE
	EndGlobalSection
	GlobalSection(ExtensibilityGlobals) = postSolution
		SolutionGuid = {7E7F49C5-4AAB-405E-B7E0-1DB235437E4A}
	EndGlobalSection
EndGlobal
